{
  "lockfileVersion": 1,
  "workspaces": {
    "": {
      "name": "simpleErp",
      "dependencies": {
        "@prisma/client": "^6.14.0",
        "dayjs": "^1.11.13",
        "dayjs-business-days": "^1.0.4",
        "fuse.js": "^7.1.0",
        "jsdoc": "^4.0.4",
        "typescript-nullable": "^0.6.0",
      },
      "devDependencies": {
        "@fontsource/fira-mono": "^5.2.6",
        "@neoconfetti/svelte": "^2.2.2",
        "@sveltejs/adapter-auto": "^6.1.0",
        "@sveltejs/kit": "^2.36.1",
        "@sveltejs/vite-plugin-svelte": "^5.1.1",
        "@types/bun": "^1.2.20",
        "autoprefixer": "^10.4.21",
        "postcss": "^8.5.6",
        "sass": "^1.90.0",
        "svelte": "^5.38.2",
        "svelte-adapter-bun": "^0.5.2",
        "svelte-check": "^4.3.1",
        "svelte-preprocess": "^6.0.3",
        "tailwindcss": "^4.1.12",
        "typescript": "^5.9.2",
        "vite": "^6.3.5",
      },
    },
  },
  "trustedDependencies": [
    "svelte-preprocess",
    "@parcel/watcher",
  ],
  "packages": {
    "@babel/helper-string-parser": ["@babel/helper-string-parser@7.27.1", "", {}, "sha512-qMlSxKbpRlAridDExk92nSobyDdpPijUq2DW6oDnUqd0iOGxmQjyqhMIihI9+zv4LPyZdRje2cavWPbCbWm3eA=="],

    "@babel/helper-validator-identifier": ["@babel/helper-validator-identifier@7.27.1", "", {}, "sha512-D2hP9eA+Sqx1kBZgzxZh0y1trbuU+JoDkiEwqhQ36nodYqJwyEIhPSdMNd7lOm/4io72luTPWH20Yda0xOuUow=="],

    "@babel/parser": ["@babel/parser@7.28.3", "", { "dependencies": { "@babel/types": "^7.28.2" }, "bin": "./bin/babel-parser.js" }, "sha512-7+Ey1mAgYqFAx2h0RuoxcQT5+MlG3GTV0TQrgr7/ZliKsm/MNDxVVutlWaziMq7wJNAz8MTqz55XLpWvva6StA=="],

    "@babel/types": ["@babel/types@7.28.2", "", { "dependencies": { "@babel/helper-string-parser": "^7.27.1", "@babel/helper-validator-identifier": "^7.27.1" } }, "sha512-ruv7Ae4J5dUYULmeXw1gmb7rYRz57OWCPM57pHojnLq/3Z1CK2lNSLTCVjxVk1F/TZHwOZZrOWi0ur95BbLxNQ=="],

    "@esbuild/aix-ppc64": ["@esbuild/aix-ppc64@0.25.6", "", { "os": "aix", "cpu": "ppc64" }, "sha512-ShbM/3XxwuxjFiuVBHA+d3j5dyac0aEVVq1oluIDf71hUw0aRF59dV/efUsIwFnR6m8JNM2FjZOzmaZ8yG61kw=="],

    "@esbuild/android-arm": ["@esbuild/android-arm@0.25.6", "", { "os": "android", "cpu": "arm" }, "sha512-S8ToEOVfg++AU/bHwdksHNnyLyVM+eMVAOf6yRKFitnwnbwwPNqKr3srzFRe7nzV69RQKb5DgchIX5pt3L53xg=="],

    "@esbuild/android-arm64": ["@esbuild/android-arm64@0.25.6", "", { "os": "android", "cpu": "arm64" }, "sha512-hd5zdUarsK6strW+3Wxi5qWws+rJhCCbMiC9QZyzoxfk5uHRIE8T287giQxzVpEvCwuJ9Qjg6bEjcRJcgfLqoA=="],

    "@esbuild/android-x64": ["@esbuild/android-x64@0.25.6", "", { "os": "android", "cpu": "x64" }, "sha512-0Z7KpHSr3VBIO9A/1wcT3NTy7EB4oNC4upJ5ye3R7taCc2GUdeynSLArnon5G8scPwaU866d3H4BCrE5xLW25A=="],

    "@esbuild/darwin-arm64": ["@esbuild/darwin-arm64@0.25.6", "", { "os": "darwin", "cpu": "arm64" }, "sha512-FFCssz3XBavjxcFxKsGy2DYK5VSvJqa6y5HXljKzhRZ87LvEi13brPrf/wdyl/BbpbMKJNOr1Sd0jtW4Ge1pAA=="],

    "@esbuild/darwin-x64": ["@esbuild/darwin-x64@0.25.6", "", { "os": "darwin", "cpu": "x64" }, "sha512-GfXs5kry/TkGM2vKqK2oyiLFygJRqKVhawu3+DOCk7OxLy/6jYkWXhlHwOoTb0WqGnWGAS7sooxbZowy+pK9Yg=="],

    "@esbuild/freebsd-arm64": ["@esbuild/freebsd-arm64@0.25.6", "", { "os": "freebsd", "cpu": "arm64" }, "sha512-aoLF2c3OvDn2XDTRvn8hN6DRzVVpDlj2B/F66clWd/FHLiHaG3aVZjxQX2DYphA5y/evbdGvC6Us13tvyt4pWg=="],

    "@esbuild/freebsd-x64": ["@esbuild/freebsd-x64@0.25.6", "", { "os": "freebsd", "cpu": "x64" }, "sha512-2SkqTjTSo2dYi/jzFbU9Plt1vk0+nNg8YC8rOXXea+iA3hfNJWebKYPs3xnOUf9+ZWhKAaxnQNUf2X9LOpeiMQ=="],

    "@esbuild/linux-arm": ["@esbuild/linux-arm@0.25.6", "", { "os": "linux", "cpu": "arm" }, "sha512-SZHQlzvqv4Du5PrKE2faN0qlbsaW/3QQfUUc6yO2EjFcA83xnwm91UbEEVx4ApZ9Z5oG8Bxz4qPE+HFwtVcfyw=="],

    "@esbuild/linux-arm64": ["@esbuild/linux-arm64@0.25.6", "", { "os": "linux", "cpu": "arm64" }, "sha512-b967hU0gqKd9Drsh/UuAm21Khpoh6mPBSgz8mKRq4P5mVK8bpA+hQzmm/ZwGVULSNBzKdZPQBRT3+WuVavcWsQ=="],

    "@esbuild/linux-ia32": ["@esbuild/linux-ia32@0.25.6", "", { "os": "linux", "cpu": "ia32" }, "sha512-aHWdQ2AAltRkLPOsKdi3xv0mZ8fUGPdlKEjIEhxCPm5yKEThcUjHpWB1idN74lfXGnZ5SULQSgtr5Qos5B0bPw=="],

    "@esbuild/linux-loong64": ["@esbuild/linux-loong64@0.25.6", "", { "os": "linux", "cpu": "none" }, "sha512-VgKCsHdXRSQ7E1+QXGdRPlQ/e08bN6WMQb27/TMfV+vPjjTImuT9PmLXupRlC90S1JeNNW5lzkAEO/McKeJ2yg=="],

    "@esbuild/linux-mips64el": ["@esbuild/linux-mips64el@0.25.6", "", { "os": "linux", "cpu": "none" }, "sha512-WViNlpivRKT9/py3kCmkHnn44GkGXVdXfdc4drNmRl15zVQ2+D2uFwdlGh6IuK5AAnGTo2qPB1Djppj+t78rzw=="],

    "@esbuild/linux-ppc64": ["@esbuild/linux-ppc64@0.25.6", "", { "os": "linux", "cpu": "ppc64" }, "sha512-wyYKZ9NTdmAMb5730I38lBqVu6cKl4ZfYXIs31Baf8aoOtB4xSGi3THmDYt4BTFHk7/EcVixkOV2uZfwU3Q2Jw=="],

    "@esbuild/linux-riscv64": ["@esbuild/linux-riscv64@0.25.6", "", { "os": "linux", "cpu": "none" }, "sha512-KZh7bAGGcrinEj4qzilJ4hqTY3Dg2U82c8bv+e1xqNqZCrCyc+TL9AUEn5WGKDzm3CfC5RODE/qc96OcbIe33w=="],

    "@esbuild/linux-s390x": ["@esbuild/linux-s390x@0.25.6", "", { "os": "linux", "cpu": "s390x" }, "sha512-9N1LsTwAuE9oj6lHMyyAM+ucxGiVnEqUdp4v7IaMmrwb06ZTEVCIs3oPPplVsnjPfyjmxwHxHMF8b6vzUVAUGw=="],

    "@esbuild/linux-x64": ["@esbuild/linux-x64@0.25.6", "", { "os": "linux", "cpu": "x64" }, "sha512-A6bJB41b4lKFWRKNrWoP2LHsjVzNiaurf7wyj/XtFNTsnPuxwEBWHLty+ZE0dWBKuSK1fvKgrKaNjBS7qbFKig=="],

    "@esbuild/netbsd-arm64": ["@esbuild/netbsd-arm64@0.25.6", "", { "os": "none", "cpu": "arm64" }, "sha512-IjA+DcwoVpjEvyxZddDqBY+uJ2Snc6duLpjmkXm/v4xuS3H+3FkLZlDm9ZsAbF9rsfP3zeA0/ArNDORZgrxR/Q=="],

    "@esbuild/netbsd-x64": ["@esbuild/netbsd-x64@0.25.6", "", { "os": "none", "cpu": "x64" }, "sha512-dUXuZr5WenIDlMHdMkvDc1FAu4xdWixTCRgP7RQLBOkkGgwuuzaGSYcOpW4jFxzpzL1ejb8yF620UxAqnBrR9g=="],

    "@esbuild/openbsd-arm64": ["@esbuild/openbsd-arm64@0.25.6", "", { "os": "openbsd", "cpu": "arm64" }, "sha512-l8ZCvXP0tbTJ3iaqdNf3pjaOSd5ex/e6/omLIQCVBLmHTlfXW3zAxQ4fnDmPLOB1x9xrcSi/xtCWFwCZRIaEwg=="],

    "@esbuild/openbsd-x64": ["@esbuild/openbsd-x64@0.25.6", "", { "os": "openbsd", "cpu": "x64" }, "sha512-hKrmDa0aOFOr71KQ/19JC7az1P0GWtCN1t2ahYAf4O007DHZt/dW8ym5+CUdJhQ/qkZmI1HAF8KkJbEFtCL7gw=="],

    "@esbuild/openharmony-arm64": ["@esbuild/openharmony-arm64@0.25.6", "", { "os": "none", "cpu": "arm64" }, "sha512-+SqBcAWoB1fYKmpWoQP4pGtx+pUUC//RNYhFdbcSA16617cchuryuhOCRpPsjCblKukAckWsV+aQ3UKT/RMPcA=="],

    "@esbuild/sunos-x64": ["@esbuild/sunos-x64@0.25.6", "", { "os": "sunos", "cpu": "x64" }, "sha512-dyCGxv1/Br7MiSC42qinGL8KkG4kX0pEsdb0+TKhmJZgCUDBGmyo1/ArCjNGiOLiIAgdbWgmWgib4HoCi5t7kA=="],

    "@esbuild/win32-arm64": ["@esbuild/win32-arm64@0.25.6", "", { "os": "win32", "cpu": "arm64" }, "sha512-42QOgcZeZOvXfsCBJF5Afw73t4veOId//XD3i+/9gSkhSV6Gk3VPlWncctI+JcOyERv85FUo7RxuxGy+z8A43Q=="],

    "@esbuild/win32-ia32": ["@esbuild/win32-ia32@0.25.6", "", { "os": "win32", "cpu": "ia32" }, "sha512-4AWhgXmDuYN7rJI6ORB+uU9DHLq/erBbuMoAuB4VWJTu5KtCgcKYPynF0YI1VkBNuEfjNlLrFr9KZPJzrtLkrQ=="],

    "@esbuild/win32-x64": ["@esbuild/win32-x64@0.25.6", "", { "os": "win32", "cpu": "x64" }, "sha512-NgJPHHbEpLQgDH2MjQu90pzW/5vvXIZ7KOnPyNBm92A6WgZ/7b6fJyUBjoumLqeOQQGqY2QjQxRo97ah4Sj0cA=="],

    "@fontsource/fira-mono": ["@fontsource/fira-mono@5.2.6", "", {}, "sha512-6pyiGeFH+5DP5sICSwx5wu+9BlTEMTKki7bTppsEqXJysi1MiK82n6oSUaYkQWRLH51+DK7zv2JJsi82cOIS3g=="],

    "@jridgewell/gen-mapping": ["@jridgewell/gen-mapping@0.3.12", "", { "dependencies": { "@jridgewell/sourcemap-codec": "^1.5.0", "@jridgewell/trace-mapping": "^0.3.24" } }, "sha512-OuLGC46TjB5BbN1dH8JULVVZY4WTdkF7tV9Ys6wLL1rubZnCMstOhNHueU5bLCrnRuDhKPDM4g6sw4Bel5Gzqg=="],

    "@jridgewell/remapping": ["@jridgewell/remapping@2.3.5", "", { "dependencies": { "@jridgewell/gen-mapping": "^0.3.5", "@jridgewell/trace-mapping": "^0.3.24" } }, "sha512-LI9u/+laYG4Ds1TDKSJW2YPrIlcVYOwi2fUC6xB43lueCjgxV4lffOCZCtYFiH6TNOX+tQKXx97T4IKHbhyHEQ=="],

    "@jridgewell/resolve-uri": ["@jridgewell/resolve-uri@3.1.2", "", {}, "sha512-bRISgCIjP20/tbWSPWMEi54QVPRZExkuD9lJL+UIxUKtwVJA8wW1Trb1jMs1RFXo1CBTNZ/5hpC9QvmKWdopKw=="],

    "@jridgewell/sourcemap-codec": ["@jridgewell/sourcemap-codec@1.5.4", "", {}, "sha512-VT2+G1VQs/9oz078bLrYbecdZKs912zQlkelYpuf+SXF+QvZDYJlbx/LSx+meSAwdDFnF8FVXW92AVjjkVmgFw=="],

    "@jridgewell/trace-mapping": ["@jridgewell/trace-mapping@0.3.29", "", { "dependencies": { "@jridgewell/resolve-uri": "^3.1.0", "@jridgewell/sourcemap-codec": "^1.4.14" } }, "sha512-uw6guiW/gcAGPDhLmd77/6lW8QLeiV5RUTsAX46Db6oLhGaVj4lhnPwb184s1bkc8kdVg/+h988dro8GRDpmYQ=="],

    "@jsdoc/salty": ["@jsdoc/salty@0.2.9", "", { "dependencies": { "lodash": "^4.17.21" } }, "sha512-yYxMVH7Dqw6nO0d5NIV8OQWnitU8k6vXH8NtgqAfIa/IUqRMxRv/NUJJ08VEKbAakwxlgBl5PJdrU0dMPStsnw=="],

    "@neoconfetti/svelte": ["@neoconfetti/svelte@2.2.2", "", { "peerDependencies": { "svelte": "^3.0.0 || ^4.0.0 || ^5.0.0" } }, "sha512-E7xCFVEEm5Ctnj2udTJy1b9oaTvjz1zi1mYdEtE8rB5BVwq6kHisosDS+zdWN5PMfEMjtbsOV9Cl6tsNSAD1sA=="],

    "@parcel/watcher": ["@parcel/watcher@2.5.1", "", { "dependencies": { "detect-libc": "^1.0.3", "is-glob": "^4.0.3", "micromatch": "^4.0.5", "node-addon-api": "^7.0.0" }, "optionalDependencies": { "@parcel/watcher-android-arm64": "2.5.1", "@parcel/watcher-darwin-arm64": "2.5.1", "@parcel/watcher-darwin-x64": "2.5.1", "@parcel/watcher-freebsd-x64": "2.5.1", "@parcel/watcher-linux-arm-glibc": "2.5.1", "@parcel/watcher-linux-arm-musl": "2.5.1", "@parcel/watcher-linux-arm64-glibc": "2.5.1", "@parcel/watcher-linux-arm64-musl": "2.5.1", "@parcel/watcher-linux-x64-glibc": "2.5.1", "@parcel/watcher-linux-x64-musl": "2.5.1", "@parcel/watcher-win32-arm64": "2.5.1", "@parcel/watcher-win32-ia32": "2.5.1", "@parcel/watcher-win32-x64": "2.5.1" } }, "sha512-dfUnCxiN9H4ap84DvD2ubjw+3vUNpstxa0TneY/Paat8a3R4uQZDLSvWjmznAY/DoahqTHl9V46HF/Zs3F29pg=="],

    "@parcel/watcher-android-arm64": ["@parcel/watcher-android-arm64@2.5.1", "", { "os": "android", "cpu": "arm64" }, "sha512-KF8+j9nNbUN8vzOFDpRMsaKBHZ/mcjEjMToVMJOhTozkDonQFFrRcfdLWn6yWKCmJKmdVxSgHiYvTCef4/qcBA=="],

    "@parcel/watcher-darwin-arm64": ["@parcel/watcher-darwin-arm64@2.5.1", "", { "os": "darwin", "cpu": "arm64" }, "sha512-eAzPv5osDmZyBhou8PoF4i6RQXAfeKL9tjb3QzYuccXFMQU0ruIc/POh30ePnaOyD1UXdlKguHBmsTs53tVoPw=="],

    "@parcel/watcher-darwin-x64": ["@parcel/watcher-darwin-x64@2.5.1", "", { "os": "darwin", "cpu": "x64" }, "sha512-1ZXDthrnNmwv10A0/3AJNZ9JGlzrF82i3gNQcWOzd7nJ8aj+ILyW1MTxVk35Db0u91oD5Nlk9MBiujMlwmeXZg=="],

    "@parcel/watcher-freebsd-x64": ["@parcel/watcher-freebsd-x64@2.5.1", "", { "os": "freebsd", "cpu": "x64" }, "sha512-SI4eljM7Flp9yPuKi8W0ird8TI/JK6CSxju3NojVI6BjHsTyK7zxA9urjVjEKJ5MBYC+bLmMcbAWlZ+rFkLpJQ=="],

    "@parcel/watcher-linux-arm-glibc": ["@parcel/watcher-linux-arm-glibc@2.5.1", "", { "os": "linux", "cpu": "arm" }, "sha512-RCdZlEyTs8geyBkkcnPWvtXLY44BCeZKmGYRtSgtwwnHR4dxfHRG3gR99XdMEdQ7KeiDdasJwwvNSF5jKtDwdA=="],

    "@parcel/watcher-linux-arm-musl": ["@parcel/watcher-linux-arm-musl@2.5.1", "", { "os": "linux", "cpu": "arm" }, "sha512-6E+m/Mm1t1yhB8X412stiKFG3XykmgdIOqhjWj+VL8oHkKABfu/gjFj8DvLrYVHSBNC+/u5PeNrujiSQ1zwd1Q=="],

    "@parcel/watcher-linux-arm64-glibc": ["@parcel/watcher-linux-arm64-glibc@2.5.1", "", { "os": "linux", "cpu": "arm64" }, "sha512-LrGp+f02yU3BN9A+DGuY3v3bmnFUggAITBGriZHUREfNEzZh/GO06FF5u2kx8x+GBEUYfyTGamol4j3m9ANe8w=="],

    "@parcel/watcher-linux-arm64-musl": ["@parcel/watcher-linux-arm64-musl@2.5.1", "", { "os": "linux", "cpu": "arm64" }, "sha512-cFOjABi92pMYRXS7AcQv9/M1YuKRw8SZniCDw0ssQb/noPkRzA+HBDkwmyOJYp5wXcsTrhxO0zq1U11cK9jsFg=="],

    "@parcel/watcher-linux-x64-glibc": ["@parcel/watcher-linux-x64-glibc@2.5.1", "", { "os": "linux", "cpu": "x64" }, "sha512-GcESn8NZySmfwlTsIur+49yDqSny2IhPeZfXunQi48DMugKeZ7uy1FX83pO0X22sHntJ4Ub+9k34XQCX+oHt2A=="],

    "@parcel/watcher-linux-x64-musl": ["@parcel/watcher-linux-x64-musl@2.5.1", "", { "os": "linux", "cpu": "x64" }, "sha512-n0E2EQbatQ3bXhcH2D1XIAANAcTZkQICBPVaxMeaCVBtOpBZpWJuf7LwyWPSBDITb7In8mqQgJ7gH8CILCURXg=="],

    "@parcel/watcher-win32-arm64": ["@parcel/watcher-win32-arm64@2.5.1", "", { "os": "win32", "cpu": "arm64" }, "sha512-RFzklRvmc3PkjKjry3hLF9wD7ppR4AKcWNzH7kXR7GUe0Igb3Nz8fyPwtZCSquGrhU5HhUNDr/mKBqj7tqA2Vw=="],

    "@parcel/watcher-win32-ia32": ["@parcel/watcher-win32-ia32@2.5.1", "", { "os": "win32", "cpu": "ia32" }, "sha512-c2KkcVN+NJmuA7CGlaGD1qJh1cLfDnQsHjE89E60vUEMlqduHGCdCLJCID5geFVM0dOtA3ZiIO8BoEQmzQVfpQ=="],

    "@parcel/watcher-win32-x64": ["@parcel/watcher-win32-x64@2.5.1", "", { "os": "win32", "cpu": "x64" }, "sha512-9lHBdJITeNR++EvSQVUcaZoWupyHfXe1jZvGZ06O/5MflPcuPLtEphScIBL+AiCWBO46tDSHzWyD0uDmmZqsgA=="],

    "@polka/url": ["@polka/url@1.0.0-next.29", "", {}, "sha512-wwQAWhWSuHaag8c4q/KN/vCoeOJYshAIvMQwD4GpSb3OiZklFfvAgmj0VCBBImRpuF/aFgIRzllXlVX93Jevww=="],

    "@prisma/client": ["@prisma/client@6.14.0", "", { "peerDependencies": { "prisma": "*", "typescript": ">=5.1.0" }, "optionalPeers": ["prisma", "typescript"] }, "sha512-8E/Nk3eL5g7RQIg/LUj1ICyDmhD053STjxrPxUtCRybs2s/2sOEcx9NpITuAOPn07HEpWBfhAVe1T/HYWXUPOw=="],

    "@rollup/rollup-android-arm-eabi": ["@rollup/rollup-android-arm-eabi@4.44.2", "", { "os": "android", "cpu": "arm" }, "sha512-g0dF8P1e2QYPOj1gu7s/3LVP6kze9A7m6x0BZ9iTdXK8N5c2V7cpBKHV3/9A4Zd8xxavdhK0t4PnqjkqVmUc9Q=="],

    "@rollup/rollup-android-arm64": ["@rollup/rollup-android-arm64@4.44.2", "", { "os": "android", "cpu": "arm64" }, "sha512-Yt5MKrOosSbSaAK5Y4J+vSiID57sOvpBNBR6K7xAaQvk3MkcNVV0f9fE20T+41WYN8hDn6SGFlFrKudtx4EoxA=="],

    "@rollup/rollup-darwin-arm64": ["@rollup/rollup-darwin-arm64@4.44.2", "", { "os": "darwin", "cpu": "arm64" }, "sha512-EsnFot9ZieM35YNA26nhbLTJBHD0jTwWpPwmRVDzjylQT6gkar+zenfb8mHxWpRrbn+WytRRjE0WKsfaxBkVUA=="],

    "@rollup/rollup-darwin-x64": ["@rollup/rollup-darwin-x64@4.44.2", "", { "os": "darwin", "cpu": "x64" }, "sha512-dv/t1t1RkCvJdWWxQ2lWOO+b7cMsVw5YFaS04oHpZRWehI1h0fV1gF4wgGCTyQHHjJDfbNpwOi6PXEafRBBezw=="],

    "@rollup/rollup-freebsd-arm64": ["@rollup/rollup-freebsd-arm64@4.44.2", "", { "os": "freebsd", "cpu": "arm64" }, "sha512-W4tt4BLorKND4qeHElxDoim0+BsprFTwb+vriVQnFFtT/P6v/xO5I99xvYnVzKWrK6j7Hb0yp3x7V5LUbaeOMg=="],

    "@rollup/rollup-freebsd-x64": ["@rollup/rollup-freebsd-x64@4.44.2", "", { "os": "freebsd", "cpu": "x64" }, "sha512-tdT1PHopokkuBVyHjvYehnIe20fxibxFCEhQP/96MDSOcyjM/shlTkZZLOufV3qO6/FQOSiJTBebhVc12JyPTA=="],

    "@rollup/rollup-linux-arm-gnueabihf": ["@rollup/rollup-linux-arm-gnueabihf@4.44.2", "", { "os": "linux", "cpu": "arm" }, "sha512-+xmiDGGaSfIIOXMzkhJ++Oa0Gwvl9oXUeIiwarsdRXSe27HUIvjbSIpPxvnNsRebsNdUo7uAiQVgBD1hVriwSQ=="],

    "@rollup/rollup-linux-arm-musleabihf": ["@rollup/rollup-linux-arm-musleabihf@4.44.2", "", { "os": "linux", "cpu": "arm" }, "sha512-bDHvhzOfORk3wt8yxIra8N4k/N0MnKInCW5OGZaeDYa/hMrdPaJzo7CSkjKZqX4JFUWjUGm88lI6QJLCM7lDrA=="],

    "@rollup/rollup-linux-arm64-gnu": ["@rollup/rollup-linux-arm64-gnu@4.44.2", "", { "os": "linux", "cpu": "arm64" }, "sha512-NMsDEsDiYghTbeZWEGnNi4F0hSbGnsuOG+VnNvxkKg0IGDvFh7UVpM/14mnMwxRxUf9AdAVJgHPvKXf6FpMB7A=="],

    "@rollup/rollup-linux-arm64-musl": ["@rollup/rollup-linux-arm64-musl@4.44.2", "", { "os": "linux", "cpu": "arm64" }, "sha512-lb5bxXnxXglVq+7imxykIp5xMq+idehfl+wOgiiix0191av84OqbjUED+PRC5OA8eFJYj5xAGcpAZ0pF2MnW+A=="],

    "@rollup/rollup-linux-loongarch64-gnu": ["@rollup/rollup-linux-loongarch64-gnu@4.44.2", "", { "os": "linux", "cpu": "none" }, "sha512-Yl5Rdpf9pIc4GW1PmkUGHdMtbx0fBLE1//SxDmuf3X0dUC57+zMepow2LK0V21661cjXdTn8hO2tXDdAWAqE5g=="],

    "@rollup/rollup-linux-powerpc64le-gnu": ["@rollup/rollup-linux-powerpc64le-gnu@4.44.2", "", { "os": "linux", "cpu": "ppc64" }, "sha512-03vUDH+w55s680YYryyr78jsO1RWU9ocRMaeV2vMniJJW/6HhoTBwyyiiTPVHNWLnhsnwcQ0oH3S9JSBEKuyqw=="],

    "@rollup/rollup-linux-riscv64-gnu": ["@rollup/rollup-linux-riscv64-gnu@4.44.2", "", { "os": "linux", "cpu": "none" }, "sha512-iYtAqBg5eEMG4dEfVlkqo05xMOk6y/JXIToRca2bAWuqjrJYJlx/I7+Z+4hSrsWU8GdJDFPL4ktV3dy4yBSrzg=="],

    "@rollup/rollup-linux-riscv64-musl": ["@rollup/rollup-linux-riscv64-musl@4.44.2", "", { "os": "linux", "cpu": "none" }, "sha512-e6vEbgaaqz2yEHqtkPXa28fFuBGmUJ0N2dOJK8YUfijejInt9gfCSA7YDdJ4nYlv67JfP3+PSWFX4IVw/xRIPg=="],

    "@rollup/rollup-linux-s390x-gnu": ["@rollup/rollup-linux-s390x-gnu@4.44.2", "", { "os": "linux", "cpu": "s390x" }, "sha512-evFOtkmVdY3udE+0QKrV5wBx7bKI0iHz5yEVx5WqDJkxp9YQefy4Mpx3RajIVcM6o7jxTvVd/qpC1IXUhGc1Mw=="],

    "@rollup/rollup-linux-x64-gnu": ["@rollup/rollup-linux-x64-gnu@4.44.2", "", { "os": "linux", "cpu": "x64" }, "sha512-/bXb0bEsWMyEkIsUL2Yt5nFB5naLAwyOWMEviQfQY1x3l5WsLKgvZf66TM7UTfED6erckUVUJQ/jJ1FSpm3pRQ=="],

    "@rollup/rollup-linux-x64-musl": ["@rollup/rollup-linux-x64-musl@4.44.2", "", { "os": "linux", "cpu": "x64" }, "sha512-3D3OB1vSSBXmkGEZR27uiMRNiwN08/RVAcBKwhUYPaiZ8bcvdeEwWPvbnXvvXHY+A/7xluzcN+kaiOFNiOZwWg=="],

    "@rollup/rollup-win32-arm64-msvc": ["@rollup/rollup-win32-arm64-msvc@4.44.2", "", { "os": "win32", "cpu": "arm64" }, "sha512-VfU0fsMK+rwdK8mwODqYeM2hDrF2WiHaSmCBrS7gColkQft95/8tphyzv2EupVxn3iE0FI78wzffoULH1G+dkw=="],

    "@rollup/rollup-win32-ia32-msvc": ["@rollup/rollup-win32-ia32-msvc@4.44.2", "", { "os": "win32", "cpu": "ia32" }, "sha512-+qMUrkbUurpE6DVRjiJCNGZBGo9xM4Y0FXU5cjgudWqIBWbcLkjE3XprJUsOFgC6xjBClwVa9k6O3A7K3vxb5Q=="],

    "@rollup/rollup-win32-x64-msvc": ["@rollup/rollup-win32-x64-msvc@4.44.2", "", { "os": "win32", "cpu": "x64" }, "sha512-3+QZROYfJ25PDcxFF66UEk8jGWigHJeecZILvkPkyQN7oc5BvFo4YEXFkOs154j3FTMp9mn9Ky8RCOwastduEA=="],

    "@standard-schema/spec": ["@standard-schema/spec@1.0.0", "", {}, "sha512-m2bOd0f2RT9k8QJx1JN85cZYyH1RqFBdlwtkSlf4tBDYLCiiZnv1fIIwacK6cqwXavOydf0NPToMQgpKq+dVlA=="],

    "@sveltejs/acorn-typescript": ["@sveltejs/acorn-typescript@1.0.5", "", { "peerDependencies": { "acorn": "^8.9.0" } }, "sha512-IwQk4yfwLdibDlrXVE04jTZYlLnwsTT2PIOQQGNLWfjavGifnk1JD1LcZjZaBTRcxZu2FfPfNLOE04DSu9lqtQ=="],

    "@sveltejs/adapter-auto": ["@sveltejs/adapter-auto@6.1.0", "", { "peerDependencies": { "@sveltejs/kit": "^2.0.0" } }, "sha512-shOuLI5D2s+0zTv2ab5M5PqfknXqWbKi+0UwB9yLTRIdzsK1R93JOO8jNhIYSHdW+IYXIYnLniu+JZqXs7h9Wg=="],

    "@sveltejs/kit": ["@sveltejs/kit@2.36.1", "", { "dependencies": { "@standard-schema/spec": "^1.0.0", "@sveltejs/acorn-typescript": "^1.0.5", "@types/cookie": "^0.6.0", "acorn": "^8.14.1", "cookie": "^0.6.0", "devalue": "^5.1.0", "esm-env": "^1.2.2", "kleur": "^4.1.5", "magic-string": "^0.30.5", "mrmime": "^2.0.0", "sade": "^1.8.1", "set-cookie-parser": "^2.6.0", "sirv": "^3.0.0" }, "peerDependencies": { "@opentelemetry/api": "^1.0.0", "@sveltejs/vite-plugin-svelte": "^3.0.0 || ^4.0.0-next.1 || ^5.0.0 || ^6.0.0-next.0", "svelte": "^4.0.0 || ^5.0.0-next.0", "vite": "^5.0.3 || ^6.0.0 || ^7.0.0-beta.0" }, "optionalPeers": ["@opentelemetry/api"], "bin": { "svelte-kit": "svelte-kit.js" } }, "sha512-dldNCtSIpaGxQMEfHaUxSPH/k3uU28pTZwtKzfkn8fqpOjWufKlMBeIL7FJ/s93dOrhEq41zaQYkXh+XTgEgVw=="],

    "@sveltejs/vite-plugin-svelte": ["@sveltejs/vite-plugin-svelte@5.1.1", "", { "dependencies": { "@sveltejs/vite-plugin-svelte-inspector": "^4.0.1", "debug": "^4.4.1", "deepmerge": "^4.3.1", "kleur": "^4.1.5", "magic-string": "^0.30.17", "vitefu": "^1.0.6" }, "peerDependencies": { "svelte": "^5.0.0", "vite": "^6.0.0" } }, "sha512-Y1Cs7hhTc+a5E9Va/xwKlAJoariQyHY+5zBgCZg4PFWNYQ1nMN9sjK1zhw1gK69DuqVP++sht/1GZg1aRwmAXQ=="],

    "@sveltejs/vite-plugin-svelte-inspector": ["@sveltejs/vite-plugin-svelte-inspector@4.0.1", "", { "dependencies": { "debug": "^4.3.7" }, "peerDependencies": { "@sveltejs/vite-plugin-svelte": "^5.0.0", "svelte": "^5.0.0", "vite": "^6.0.0" } }, "sha512-J/Nmb2Q2y7mck2hyCX4ckVHcR5tu2J+MtBEQqpDrrgELZ2uvraQcK/ioCV61AqkdXFgriksOKIceDcQmqnGhVw=="],

    "@types/bun": ["@types/bun@1.2.20", "", { "dependencies": { "bun-types": "1.2.20" } }, "sha512-dX3RGzQ8+KgmMw7CsW4xT5ITBSCrSbfHc36SNT31EOUg/LA9JWq0VDdEXDRSe1InVWpd2yLUM1FUF/kEOyTzYA=="],

    "@types/cookie": ["@types/cookie@0.6.0", "", {}, "sha512-4Kh9a6B2bQciAhf7FSuMRRkUWecJgJu9nPnx3yzpsfXX/c50REIqpHY4C82bXP90qrLtXtkDxTZosYO3UpOwlA=="],

    "@types/estree": ["@types/estree@1.0.8", "", {}, "sha512-dWHzHa2WqEXI/O1E9OjrocMTKJl2mSrEolh1Iomrv6U+JuNwaHXsXx9bLu5gG7BUWFIN0skIQJQ/L1rIex4X6w=="],

    "@types/linkify-it": ["@types/linkify-it@5.0.0", "", {}, "sha512-sVDA58zAw4eWAffKOaQH5/5j3XeayukzDk+ewSsnv3p4yJEZHCCzMDiZM8e0OUrRvmpGZ85jf4yDHkHsgBNr9Q=="],

    "@types/markdown-it": ["@types/markdown-it@14.1.2", "", { "dependencies": { "@types/linkify-it": "^5", "@types/mdurl": "^2" } }, "sha512-promo4eFwuiW+TfGxhi+0x3czqTYJkG8qB17ZUJiVF10Xm7NLVRSLUsfRTU/6h1e24VvRnXCx+hG7li58lkzog=="],

    "@types/mdurl": ["@types/mdurl@2.0.0", "", {}, "sha512-RGdgjQUZba5p6QEFAVx2OGb8rQDL/cPRG7GiedRzMcJ1tYnUANBncjbSB1NRGwbvjcPeikRABz2nshyPk1bhWg=="],

    "@types/node": ["@types/node@24.3.0", "", { "dependencies": { "undici-types": "~7.10.0" } }, "sha512-aPTXCrfwnDLj4VvXrm+UUCQjNEvJgNA8s5F1cvwQU+3KNltTOkBm1j30uNLyqqPNe7gE3KFzImYoZEfLhp4Yow=="],

    "@types/react": ["@types/react@19.1.11", "", { "dependencies": { "csstype": "^3.0.2" } }, "sha512-lr3jdBw/BGj49Eps7EvqlUaoeA0xpj3pc0RoJkHpYaCHkVK7i28dKyImLQb3JVlqs3aYSXf7qYuWOW/fgZnTXQ=="],

    "acorn": ["acorn@8.15.0", "", { "bin": { "acorn": "bin/acorn" } }, "sha512-NZyJarBfL7nWwIq+FDL6Zp/yHEhePMNnnJ0y3qfieCrmNvYct8uvtiV41UvlSe6apAfk0fY1FbWx+NwfmpvtTg=="],

    "argparse": ["argparse@2.0.1", "", {}, "sha512-8+9WqebbFzpX9OR+Wa6O29asIogeRMzcGtAINdpMHHyAg10f05aSFVBbcEqGf/PXw1EjAZ+q2/bEBg3DvurK3Q=="],

    "aria-query": ["aria-query@5.3.2", "", {}, "sha512-COROpnaoap1E2F000S62r6A60uHZnmlvomhfyT2DlTcrY1OrBKn2UhH7qn5wTC9zMvD0AY7csdPSNwKP+7WiQw=="],

    "autoprefixer": ["autoprefixer@10.4.21", "", { "dependencies": { "browserslist": "^4.24.4", "caniuse-lite": "^1.0.30001702", "fraction.js": "^4.3.7", "normalize-range": "^0.1.2", "picocolors": "^1.1.1", "postcss-value-parser": "^4.2.0" }, "peerDependencies": { "postcss": "^8.1.0" }, "bin": { "autoprefixer": "bin/autoprefixer" } }, "sha512-O+A6LWV5LDHSJD3LjHYoNi4VLsj/Whi7k6zG12xTYaU4cQ8oxQGckXNX8cRHK5yOZ/ppVHe0ZBXGzSV9jXdVbQ=="],

    "axobject-query": ["axobject-query@4.1.0", "", {}, "sha512-qIj0G9wZbMGNLjLmg1PT6v2mE9AH2zlnADJD/2tC6E00hgmhUOfEB6greHPAfLRSufHqROIUTkw6E+M3lH0PTQ=="],

    "bluebird": ["bluebird@3.7.2", "", {}, "sha512-XpNj6GDQzdfW+r2Wnn7xiSAd7TM3jzkxGXBGTtWKuSXv1xUV+azxAm8jdWZN06QTQk+2N2XB9jRDkvbmQmcRtg=="],

    "braces": ["braces@3.0.3", "", { "dependencies": { "fill-range": "^7.1.1" } }, "sha512-yQbXgO/OSZVD2IsiLlro+7Hf6Q18EJrKSEsdoMzKePKXct3gvD8oLcOQdIzGupr5Fj+EDe8gO/lxc1BzfMpxvA=="],

    "browserslist": ["browserslist@4.25.3", "", { "dependencies": { "caniuse-lite": "^1.0.30001735", "electron-to-chromium": "^1.5.204", "node-releases": "^2.0.19", "update-browserslist-db": "^1.1.3" }, "bin": { "browserslist": "cli.js" } }, "sha512-cDGv1kkDI4/0e5yON9yM5G/0A5u8sf5TnmdX5C9qHzI9PPu++sQ9zjm1k9NiOrf3riY4OkK0zSGqfvJyJsgCBQ=="],

    "bun-types": ["bun-types@1.2.20", "", { "dependencies": { "@types/node": "*" }, "peerDependencies": { "@types/react": "^19" } }, "sha512-pxTnQYOrKvdOwyiyd/7sMt9yFOenN004Y6O4lCcCUoKVej48FS5cvTw9geRaEcB9TsDZaJKAxPTVvi8tFsVuXA=="],

    "caniuse-lite": ["caniuse-lite@1.0.30001737", "", {}, "sha512-BiloLiXtQNrY5UyF0+1nSJLXUENuhka2pzy2Fx5pGxqavdrxSCW4U6Pn/PoG3Efspi2frRbHpBV2XsrPE6EDlw=="],

    "catharsis": ["catharsis@0.9.0", "", { "dependencies": { "lodash": "^4.17.15" } }, "sha512-prMTQVpcns/tzFgFVkVp6ak6RykZyWb3gu8ckUpd6YkTlacOd3DXGJjIpD4Q6zJirizvaiAjSSHlOsA+6sNh2A=="],

    "chokidar": ["chokidar@4.0.3", "", { "dependencies": { "readdirp": "^4.0.1" } }, "sha512-Qgzu8kfBvo+cA4962jnP1KkS6Dop5NS6g7R5LFYJr4b8Ub94PPQXUksCw9PvXoeXPRRddRNC5C1JQUR2SMGtnA=="],

    "clsx": ["clsx@2.1.1", "", {}, "sha512-eYm0QWBtUrBWZWG0d386OGAw16Z995PiOVo2B7bjWSbHedGl5e0ZWaq65kOGgUSNesEIDkB9ISbTg/JK9dhCZA=="],

    "cookie": ["cookie@0.6.0", "", {}, "sha512-U71cyTamuh1CRNCfpGY6to28lxvNwPG4Guz/EVjgf3Jmzv0vlDp1atT9eS5dDjMYHucpHbWns6Lwf3BKz6svdw=="],

    "csstype": ["csstype@3.1.3", "", {}, "sha512-M1uQkMl8rQK/szD0LNhtqxIPLpimGm8sOBwU7lLnCpSbTyY3yeU1Vc7l4KT5zT4s/yOxHH5O7tIuuLOCnLADRw=="],

    "dayjs": ["dayjs@1.11.13", "", {}, "sha512-oaMBel6gjolK862uaPQOVTA7q3TZhuSvuMQAAglQDOWYO9A91IrAOUJEyKVlqJlHE0vq5p5UXxzdPfMH/x6xNg=="],

    "dayjs-business-days": ["dayjs-business-days@1.0.4", "", {}, "sha512-kmb8Hvlhmv7INc2YXWew4SaEBJprqJ9C48CdlO1NTsqQa31ZEcO48ziFa3YFr5W9rdwB1nUmd5iIkLwgCkJ8nA=="],

    "debug": ["debug@4.4.1", "", { "dependencies": { "ms": "^2.1.3" } }, "sha512-KcKCqiftBJcZr++7ykoDIEwSa3XWowTfNPo92BYxjXiyYEVrUQh2aLyhxBCwww+heortUFxEJYcRzosstTEBYQ=="],

    "deepmerge": ["deepmerge@4.3.1", "", {}, "sha512-3sUqbMEc77XqpdNO7FRyRog+eW3ph+GYCbj+rK+uYyRMuwsVy0rMiVtPn+QJlKFvWP/1PYpapqYn0Me2knFn+A=="],

    "detect-libc": ["detect-libc@1.0.3", "", { "bin": { "detect-libc": "./bin/detect-libc.js" } }, "sha512-pGjwhsmsp4kL2RTz08wcOlGN83otlqHeD/Z5T8GXZB+/YcpQ/dgo+lbU8ZsGxV0HIvqqxo9l7mqYwyYMD9bKDg=="],

    "devalue": ["devalue@5.1.1", "", {}, "sha512-maua5KUiapvEwiEAe+XnlZ3Rh0GD+qI1J/nb9vrJc3muPXvcF/8gXYTWF76+5DAqHyDUtOIImEuo0YKE9mshVw=="],

    "electron-to-chromium": ["electron-to-chromium@1.5.208", "", {}, "sha512-ozZyibehoe7tOhNaf16lKmljVf+3npZcJIEbJRVftVsmAg5TeA1mGS9dVCZzOwr2xT7xK15V0p7+GZqSPgkuPg=="],

    "entities": ["entities@4.5.0", "", {}, "sha512-V0hjH4dGPh9Ao5p0MoRY6BVqtwCjhz6vI5LT8AJ55H+4g9/4vbHx1I54fS0XuclLhDHArPQCiMjDxjaL8fPxhw=="],

    "esbuild": ["esbuild@0.25.6", "", { "optionalDependencies": { "@esbuild/aix-ppc64": "0.25.6", "@esbuild/android-arm": "0.25.6", "@esbuild/android-arm64": "0.25.6", "@esbuild/android-x64": "0.25.6", "@esbuild/darwin-arm64": "0.25.6", "@esbuild/darwin-x64": "0.25.6", "@esbuild/freebsd-arm64": "0.25.6", "@esbuild/freebsd-x64": "0.25.6", "@esbuild/linux-arm": "0.25.6", "@esbuild/linux-arm64": "0.25.6", "@esbuild/linux-ia32": "0.25.6", "@esbuild/linux-loong64": "0.25.6", "@esbuild/linux-mips64el": "0.25.6", "@esbuild/linux-ppc64": "0.25.6", "@esbuild/linux-riscv64": "0.25.6", "@esbuild/linux-s390x": "0.25.6", "@esbuild/linux-x64": "0.25.6", "@esbuild/netbsd-arm64": "0.25.6", "@esbuild/netbsd-x64": "0.25.6", "@esbuild/openbsd-arm64": "0.25.6", "@esbuild/openbsd-x64": "0.25.6", "@esbuild/openharmony-arm64": "0.25.6", "@esbuild/sunos-x64": "0.25.6", "@esbuild/win32-arm64": "0.25.6", "@esbuild/win32-ia32": "0.25.6", "@esbuild/win32-x64": "0.25.6" }, "bin": { "esbuild": "bin/esbuild" } }, "sha512-GVuzuUwtdsghE3ocJ9Bs8PNoF13HNQ5TXbEi2AhvVb8xU1Iwt9Fos9FEamfoee+u/TOsn7GUWc04lz46n2bbTg=="],

    "escalade": ["escalade@3.2.0", "", {}, "sha512-WUj2qlxaQtO4g6Pq5c29GTcWGDyd8itL8zTlipgECz3JesAiiOKotd8JU6otB3PACgG6xkJUyVhboMS+bje/jA=="],

    "escape-string-regexp": ["escape-string-regexp@2.0.0", "", {}, "sha512-UpzcLCXolUWcNu5HtVMHYdXJjArjsF9C0aNnquZYY4uW/Vu0miy5YoWvbV345HauVvcAUnpRuhMMcqTcGOY2+w=="],

    "esm-env": ["esm-env@1.2.2", "", {}, "sha512-Epxrv+Nr/CaL4ZcFGPJIYLWFom+YeV1DqMLHJoEd9SYRxNbaFruBwfEX/kkHUJf55j2+TUbmDcmuilbP1TmXHA=="],

    "esrap": ["esrap@2.1.0", "", { "dependencies": { "@jridgewell/sourcemap-codec": "^1.4.15" } }, "sha512-yzmPNpl7TBbMRC5Lj2JlJZNPml0tzqoqP5B1JXycNUwtqma9AKCO0M2wHrdgsHcy1WRW7S9rJknAMtByg3usgA=="],

    "fdir": ["fdir@6.4.6", "", { "peerDependencies": { "picomatch": "^3 || ^4" }, "optionalPeers": ["picomatch"] }, "sha512-hiFoqpyZcfNm1yc4u8oWCf9A2c4D3QjCrks3zmoVKVxpQRzmPNar1hUJcBG2RQHvEVGDN+Jm81ZheVLAQMK6+w=="],

    "fill-range": ["fill-range@7.1.1", "", { "dependencies": { "to-regex-range": "^5.0.1" } }, "sha512-YsGpe3WHLK8ZYi4tWDg2Jy3ebRz2rXowDxnld4bkQB00cc/1Zw9AWnC0i9ztDJitivtQvaI9KaLyKrc+hBW0yg=="],

    "fraction.js": ["fraction.js@4.3.7", "", {}, "sha512-ZsDfxO51wGAXREY55a7la9LScWpwv9RxIrYABrlvOFBlH/ShPnrtsXeuUIfXKKOVicNxQ+o8JTbJvjS4M89yew=="],

    "fsevents": ["fsevents@2.3.3", "", { "os": "darwin" }, "sha512-5xoDfX+fL7faATnagmWPpbFtwh/R77WmMMqqHGS65C3vvB0YHrgF+B1YmZ3441tMj5n63k0212XNoJwzlhffQw=="],

    "fuse.js": ["fuse.js@7.1.0", "", {}, "sha512-trLf4SzuuUxfusZADLINj+dE8clK1frKdmqiJNb1Es75fmI5oY6X2mxLVUciLLjxqw/xr72Dhy+lER6dGd02FQ=="],

    "globalyzer": ["globalyzer@0.1.0", "", {}, "sha512-40oNTM9UfG6aBmuKxk/giHn5nQ8RVz/SS4Ir6zgzOv9/qC3kKZ9v4etGTcJbEl/NyVQH7FGU7d+X1egr57Md2Q=="],

    "globrex": ["globrex@0.1.2", "", {}, "sha512-uHJgbwAMwNFf5mLst7IWLNg14x1CkeqglJb/K3doi4dw6q2IvAAmM/Y81kevy83wP+Sst+nutFTYOGg3d1lsxg=="],

    "graceful-fs": ["graceful-fs@4.2.11", "", {}, "sha512-RbJ5/jmFcNNCcDV5o9eTnBLJ/HszWV0P73bc+Ff4nS/rJj+YaS6IGyiOL0VoBYX+l1Wrl3k63h/KrH+nhJ0XvQ=="],

    "immutable": ["immutable@5.1.3", "", {}, "sha512-+chQdDfvscSF1SJqv2gn4SRO2ZyS3xL3r7IW/wWEEzrzLisnOlKiQu5ytC/BVNcS15C39WT2Hg/bjKjDMcu+zg=="],

    "is-extglob": ["is-extglob@2.1.1", "", {}, "sha512-SbKbANkN603Vi4jEZv49LeVJMn4yGwsbzZworEoyEiutsN3nJYdbO36zfhGJ6QEDpOZIFkDtnq5JRxmvl3jsoQ=="],

    "is-glob": ["is-glob@4.0.3", "", { "dependencies": { "is-extglob": "^2.1.1" } }, "sha512-xelSayHH36ZgE7ZWhli7pW34hNbNl8Ojv5KVmkJD4hBdD3th8Tfk9vYasLM+mXWOZhFkgZfxhLSnrwRr4elSSg=="],

    "is-number": ["is-number@7.0.0", "", {}, "sha512-41Cifkg6e8TylSpdtTpeLVMqvSBEVzTttHvERD741+pnZ8ANv0004MRL43QKPDlK9cGvNp6NZWZUBlbGXYxxng=="],

    "is-reference": ["is-reference@3.0.3", "", { "dependencies": { "@types/estree": "^1.0.6" } }, "sha512-ixkJoqQvAP88E6wLydLGGqCJsrFUnqoH6HnaczB8XmDH1oaWU+xxdptvikTgaEhtZ53Ky6YXiBuUI2WXLMCwjw=="],

    "jiti": ["jiti@2.4.2", "", { "bin": { "jiti": "lib/jiti-cli.mjs" } }, "sha512-rg9zJN+G4n2nfJl5MW3BMygZX56zKPNVEYYqq7adpmMh4Jn2QNEwhvQlFy6jPVdcod7txZtKHWnyZiA3a0zP7A=="],

    "js2xmlparser": ["js2xmlparser@4.0.2", "", { "dependencies": { "xmlcreate": "^2.0.4" } }, "sha512-6n4D8gLlLf1n5mNLQPRfViYzu9RATblzPEtm1SthMX1Pjao0r9YI9nw7ZIfRxQMERS87mcswrg+r/OYrPRX6jA=="],

    "jsdoc": ["jsdoc@4.0.4", "", { "dependencies": { "@babel/parser": "^7.20.15", "@jsdoc/salty": "^0.2.1", "@types/markdown-it": "^14.1.1", "bluebird": "^3.7.2", "catharsis": "^0.9.0", "escape-string-regexp": "^2.0.0", "js2xmlparser": "^4.0.2", "klaw": "^3.0.0", "markdown-it": "^14.1.0", "markdown-it-anchor": "^8.6.7", "marked": "^4.0.10", "mkdirp": "^1.0.4", "requizzle": "^0.2.3", "strip-json-comments": "^3.1.0", "underscore": "~1.13.2" }, "bin": { "jsdoc": "./jsdoc.js" } }, "sha512-zeFezwyXeG4syyYHbvh1A967IAqq/67yXtXvuL5wnqCkFZe8I0vKfm+EO+YEvLguo6w9CDUbrAXVtJSHh2E8rw=="],

    "klaw": ["klaw@3.0.0", "", { "dependencies": { "graceful-fs": "^4.1.9" } }, "sha512-0Fo5oir+O9jnXu5EefYbVK+mHMBeEVEy2cmctR1O1NECcCkPRreJKrS6Qt/j3KC2C148Dfo9i3pCmCMsdqGr0g=="],

    "kleur": ["kleur@4.1.5", "", {}, "sha512-o+NO+8WrRiQEE4/7nwRJhN1HWpVmJm511pBHUxPLtp0BUISzlBplORYSmTclCnJvQq2tKu/sgl3xVpkc7ZWuQQ=="],

    "lightningcss": ["lightningcss@1.30.1", "", { "dependencies": { "detect-libc": "^2.0.3" }, "optionalDependencies": { "lightningcss-darwin-arm64": "1.30.1", "lightningcss-darwin-x64": "1.30.1", "lightningcss-freebsd-x64": "1.30.1", "lightningcss-linux-arm-gnueabihf": "1.30.1", "lightningcss-linux-arm64-gnu": "1.30.1", "lightningcss-linux-arm64-musl": "1.30.1", "lightningcss-linux-x64-gnu": "1.30.1", "lightningcss-linux-x64-musl": "1.30.1", "lightningcss-win32-arm64-msvc": "1.30.1", "lightningcss-win32-x64-msvc": "1.30.1" } }, "sha512-xi6IyHML+c9+Q3W0S4fCQJOym42pyurFiJUHEcEyHS0CeKzia4yZDEsLlqOFykxOdHpNy0NmvVO31vcSqAxJCg=="],

    "lightningcss-darwin-arm64": ["lightningcss-darwin-arm64@1.30.1", "", { "os": "darwin", "cpu": "arm64" }, "sha512-c8JK7hyE65X1MHMN+Viq9n11RRC7hgin3HhYKhrMyaXflk5GVplZ60IxyoVtzILeKr+xAJwg6zK6sjTBJ0FKYQ=="],

    "lightningcss-darwin-x64": ["lightningcss-darwin-x64@1.30.1", "", { "os": "darwin", "cpu": "x64" }, "sha512-k1EvjakfumAQoTfcXUcHQZhSpLlkAuEkdMBsI/ivWw9hL+7FtilQc0Cy3hrx0AAQrVtQAbMI7YjCgYgvn37PzA=="],

    "lightningcss-freebsd-x64": ["lightningcss-freebsd-x64@1.30.1", "", { "os": "freebsd", "cpu": "x64" }, "sha512-kmW6UGCGg2PcyUE59K5r0kWfKPAVy4SltVeut+umLCFoJ53RdCUWxcRDzO1eTaxf/7Q2H7LTquFHPL5R+Gjyig=="],

    "lightningcss-linux-arm-gnueabihf": ["lightningcss-linux-arm-gnueabihf@1.30.1", "", { "os": "linux", "cpu": "arm" }, "sha512-MjxUShl1v8pit+6D/zSPq9S9dQ2NPFSQwGvxBCYaBYLPlCWuPh9/t1MRS8iUaR8i+a6w7aps+B4N0S1TYP/R+Q=="],

    "lightningcss-linux-arm64-gnu": ["lightningcss-linux-arm64-gnu@1.30.1", "", { "os": "linux", "cpu": "arm64" }, "sha512-gB72maP8rmrKsnKYy8XUuXi/4OctJiuQjcuqWNlJQ6jZiWqtPvqFziskH3hnajfvKB27ynbVCucKSm2rkQp4Bw=="],

    "lightningcss-linux-arm64-musl": ["lightningcss-linux-arm64-musl@1.30.1", "", { "os": "linux", "cpu": "arm64" }, "sha512-jmUQVx4331m6LIX+0wUhBbmMX7TCfjF5FoOH6SD1CttzuYlGNVpA7QnrmLxrsub43ClTINfGSYyHe2HWeLl5CQ=="],

    "lightningcss-linux-x64-gnu": ["lightningcss-linux-x64-gnu@1.30.1", "", { "os": "linux", "cpu": "x64" }, "sha512-piWx3z4wN8J8z3+O5kO74+yr6ze/dKmPnI7vLqfSqI8bccaTGY5xiSGVIJBDd5K5BHlvVLpUB3S2YCfelyJ1bw=="],

    "lightningcss-linux-x64-musl": ["lightningcss-linux-x64-musl@1.30.1", "", { "os": "linux", "cpu": "x64" }, "sha512-rRomAK7eIkL+tHY0YPxbc5Dra2gXlI63HL+v1Pdi1a3sC+tJTcFrHX+E86sulgAXeI7rSzDYhPSeHHjqFhqfeQ=="],

    "lightningcss-win32-arm64-msvc": ["lightningcss-win32-arm64-msvc@1.30.1", "", { "os": "win32", "cpu": "arm64" }, "sha512-mSL4rqPi4iXq5YVqzSsJgMVFENoa4nGTT/GjO2c0Yl9OuQfPsIfncvLrEW6RbbB24WtZ3xP/2CCmI3tNkNV4oA=="],

    "lightningcss-win32-x64-msvc": ["lightningcss-win32-x64-msvc@1.30.1", "", { "os": "win32", "cpu": "x64" }, "sha512-PVqXh48wh4T53F/1CCu8PIPCxLzWyCnn/9T5W1Jpmdy5h9Cwd+0YQS6/LwhHXSafuc61/xg9Lv5OrCby6a++jg=="],

    "linkify-it": ["linkify-it@5.0.0", "", { "dependencies": { "uc.micro": "^2.0.0" } }, "sha512-5aHCbzQRADcdP+ATqnDuhhJ/MRIqDkZX5pyjFHRRysS8vZ5AbqGEoFIb6pYHPZ+L/OC2Lc+xT8uHVVR5CAK/wQ=="],

    "locate-character": ["locate-character@3.0.0", "", {}, "sha512-SW13ws7BjaeJ6p7Q6CO2nchbYEc3X3J6WrmTTDto7yMPqVSZTUyY5Tjbid+Ab8gLnATtygYtiDIJGQRRn2ZOiA=="],

    "lodash": ["lodash@4.17.21", "", {}, "sha512-v2kDEe57lecTulaDIuNTPy3Ry4gLGJ6Z1O3vE1krgXZNrsQ+LFTGHVxVjcXPs17LhbZVGedAJv8XZ1tvj5FvSg=="],

    "magic-string": ["magic-string@0.30.17", "", { "dependencies": { "@jridgewell/sourcemap-codec": "^1.5.0" } }, "sha512-sNPKHvyjVf7gyjwS4xGTaW/mCnF8wnjtifKBEhxfZ7E/S8tQ0rssrwGNn6q8JH/ohItJfSQp9mBtQYuTlH5QnA=="],

    "markdown-it": ["markdown-it@14.1.0", "", { "dependencies": { "argparse": "^2.0.1", "entities": "^4.4.0", "linkify-it": "^5.0.0", "mdurl": "^2.0.0", "punycode.js": "^2.3.1", "uc.micro": "^2.1.0" }, "bin": { "markdown-it": "bin/markdown-it.mjs" } }, "sha512-a54IwgWPaeBCAAsv13YgmALOF1elABB08FxO9i+r4VFk5Vl4pKokRPeX8u5TCgSsPi6ec1otfLjdOpVcgbpshg=="],

    "markdown-it-anchor": ["markdown-it-anchor@8.6.7", "", { "peerDependencies": { "@types/markdown-it": "*", "markdown-it": "*" } }, "sha512-FlCHFwNnutLgVTflOYHPW2pPcl2AACqVzExlkGQNsi4CJgqOHN7YTgDd4LuhgN1BFO3TS0vLAruV1Td6dwWPJA=="],

    "marked": ["marked@4.3.0", "", { "bin": { "marked": "bin/marked.js" } }, "sha512-PRsaiG84bK+AMvxziE/lCFss8juXjNaWzVbN5tXAm4XjeaS9NAHhop+PjQxz2A9h8Q4M/xGmzP8vqNwy6JeK0A=="],

    "mdurl": ["mdurl@2.0.0", "", {}, "sha512-Lf+9+2r+Tdp5wXDXC4PcIBjTDtq4UKjCPMQhKIuzpJNW0b96kVqSwW0bT7FhRSfmAiFYgP+SCRvdrDozfh0U5w=="],

    "micromatch": ["micromatch@4.0.8", "", { "dependencies": { "braces": "^3.0.3", "picomatch": "^2.3.1" } }, "sha512-PXwfBhYu0hBCPw8Dn0E+WDYb7af3dSLVWKi3HGv84IdF4TyFoC0ysxFd0Goxw7nSv4T/PzEJQxsYsEiFCKo2BA=="],

    "mkdirp": ["mkdirp@1.0.4", "", { "bin": { "mkdirp": "bin/cmd.js" } }, "sha512-vVqVZQyf3WLx2Shd0qJ9xuvqgAyKPLAiqITEtqW0oIUjzo3PePDd6fW9iFz30ef7Ysp/oiWqbhszeGWW2T6Gzw=="],

    "mri": ["mri@1.2.0", "", {}, "sha512-tzzskb3bG8LvYGFF/mDTpq3jpI6Q9wc3LEmBaghu+DdCssd1FakN7Bc0hVNmEyGq1bq3RgfkCb3cmQLpNPOroA=="],

    "mrmime": ["mrmime@2.0.1", "", {}, "sha512-Y3wQdFg2Va6etvQ5I82yUhGdsKrcYox6p7FfL1LbK2J4V01F9TGlepTIhnK24t7koZibmg82KGglhA1XK5IsLQ=="],

    "ms": ["ms@2.1.3", "", {}, "sha512-6FlzubTLZG3J2a/NVCAleEhjzq5oxgHyaCU9yYXvcLsvoVaHJq/s5xXI6/XXP6tz7R9xAOtHnSO/tXtF3WRTlA=="],

    "nanoid": ["nanoid@3.3.11", "", { "bin": { "nanoid": "bin/nanoid.cjs" } }, "sha512-N8SpfPUnUp1bK+PMYW8qSWdl9U+wwNWI4QKxOYDy9JAro3WMX7p2OeVRF9v+347pnakNevPmiHhNmZ2HbFA76w=="],

    "node-addon-api": ["node-addon-api@7.1.1", "", {}, "sha512-5m3bsyrjFWE1xf7nz7YXdN4udnVtXK6/Yfgn5qnahL6bCkf2yKt4k3nuTKAtT4r3IG8JNR2ncsIMdZuAzJjHQQ=="],

    "node-releases": ["node-releases@2.0.19", "", {}, "sha512-xxOWJsBKtzAq7DY0J+DTzuz58K8e7sJbdgwkbMWQe8UYB6ekmsQ45q0M/tJDsGaZmbC+l7n57UV8Hl5tHxO9uw=="],

    "normalize-range": ["normalize-range@0.1.2", "", {}, "sha512-bdok/XvKII3nUpklnV6P2hxtMNrCboOjAcyBuQnWEhO665FwrSNRxU+AqpsyvO6LgGYPspN+lu5CLtw4jPRKNA=="],

    "picocolors": ["picocolors@1.1.1", "", {}, "sha512-xceH2snhtb5M9liqDsmEw56le376mTZkEX/jEb/RxNFyegNul7eNslCXP9FDj/Lcu0X8KEyMceP2ntpaHrDEVA=="],

    "picomatch": ["picomatch@4.0.2", "", {}, "sha512-M7BAV6Rlcy5u+m6oPhAPFgJTzAioX/6B0DxyvDlo9l8+T3nLKbrczg2WLUyzd45L8RqfUMyGPzekbMvX2Ldkwg=="],

    "postcss": ["postcss@8.5.6", "", { "dependencies": { "nanoid": "^3.3.11", "picocolors": "^1.1.1", "source-map-js": "^1.2.1" } }, "sha512-3Ybi1tAuwAP9s0r1UQ2J4n5Y0G05bJkpUIO0/bI9MhwmD70S5aTWbXGBwxHrelT+XM1k6dM0pk+SwNkpTRN7Pg=="],

    "postcss-value-parser": ["postcss-value-parser@4.2.0", "", {}, "sha512-1NNCs6uurfkVbeXG4S8JFT9t19m45ICnif8zWLd5oPSZ50QnwMfK+H3jv408d4jw/7Bttv5axS5IiHoLaVNHeQ=="],

    "punycode.js": ["punycode.js@2.3.1", "", {}, "sha512-uxFIHU0YlHYhDQtV4R9J6a52SLx28BCjT+4ieh7IGbgwVJWO+km431c4yRlREUAsAmt/uMjQUyQHNEPf0M39CA=="],

    "ramda": ["ramda@0.25.0", "", {}, "sha512-GXpfrYVPwx3K7RQ6aYT8KPS8XViSXUVJT1ONhoKPE9VAleW42YE+U+8VEyGWt41EnEQW7gwecYJriTI0pKoecQ=="],

    "readdirp": ["readdirp@4.1.2", "", {}, "sha512-GDhwkLfywWL2s6vEjyhri+eXmfH6j1L7JE27WhqLeYzoh/A3DBaYGEj2H/HFZCn/kMfim73FXxEJTw06WtxQwg=="],

    "requizzle": ["requizzle@0.2.4", "", { "dependencies": { "lodash": "^4.17.21" } }, "sha512-JRrFk1D4OQ4SqovXOgdav+K8EAhSB/LJZqCz8tbX0KObcdeM15Ss59ozWMBWmmINMagCwmqn4ZNryUGpBsl6Jw=="],

    "rollup": ["rollup@4.44.2", "", { "dependencies": { "@types/estree": "1.0.8" }, "optionalDependencies": { "@rollup/rollup-android-arm-eabi": "4.44.2", "@rollup/rollup-android-arm64": "4.44.2", "@rollup/rollup-darwin-arm64": "4.44.2", "@rollup/rollup-darwin-x64": "4.44.2", "@rollup/rollup-freebsd-arm64": "4.44.2", "@rollup/rollup-freebsd-x64": "4.44.2", "@rollup/rollup-linux-arm-gnueabihf": "4.44.2", "@rollup/rollup-linux-arm-musleabihf": "4.44.2", "@rollup/rollup-linux-arm64-gnu": "4.44.2", "@rollup/rollup-linux-arm64-musl": "4.44.2", "@rollup/rollup-linux-loongarch64-gnu": "4.44.2", "@rollup/rollup-linux-powerpc64le-gnu": "4.44.2", "@rollup/rollup-linux-riscv64-gnu": "4.44.2", "@rollup/rollup-linux-riscv64-musl": "4.44.2", "@rollup/rollup-linux-s390x-gnu": "4.44.2", "@rollup/rollup-linux-x64-gnu": "4.44.2", "@rollup/rollup-linux-x64-musl": "4.44.2", "@rollup/rollup-win32-arm64-msvc": "4.44.2", "@rollup/rollup-win32-ia32-msvc": "4.44.2", "@rollup/rollup-win32-x64-msvc": "4.44.2", "fsevents": "~2.3.2" }, "bin": { "rollup": "dist/bin/rollup" } }, "sha512-PVoapzTwSEcelaWGth3uR66u7ZRo6qhPHc0f2uRO9fX6XDVNrIiGYS0Pj9+R8yIIYSD/mCx2b16Ws9itljKSPg=="],

    "sade": ["sade@1.8.1", "", { "dependencies": { "mri": "^1.1.0" } }, "sha512-xal3CZX1Xlo/k4ApwCFrHVACi9fBqJ7V+mwhBsuf/1IOKbBy098Fex+Wa/5QMubw09pSZ/u8EY8PWgevJsXp1A=="],

    "sass": ["sass@1.90.0", "", { "dependencies": { "chokidar": "^4.0.0", "immutable": "^5.0.2", "source-map-js": ">=0.6.2 <2.0.0" }, "optionalDependencies": { "@parcel/watcher": "^2.4.1" }, "bin": { "sass": "sass.js" } }, "sha512-9GUyuksjw70uNpb1MTYWsH9MQHOHY6kwfnkafC24+7aOMZn9+rVMBxRbLvw756mrBFbIsFg6Xw9IkR2Fnn3k+Q=="],

    "set-cookie-parser": ["set-cookie-parser@2.7.1", "", {}, "sha512-IOc8uWeOZgnb3ptbCURJWNjWUPcO3ZnTTdzsurqERrP6nPyv+paC55vJM0LpOlT2ne+Ix+9+CRG1MNLlyZ4GjQ=="],

    "sirv": ["sirv@3.0.1", "", { "dependencies": { "@polka/url": "^1.0.0-next.24", "mrmime": "^2.0.0", "totalist": "^3.0.0" } }, "sha512-FoqMu0NCGBLCcAkS1qA+XJIQTR6/JHfQXl+uGteNCQ76T91DMUjPa9xfmeqMY3z80nLSg9yQmNjK0Px6RWsH/A=="],

    "source-map-js": ["source-map-js@1.2.1", "", {}, "sha512-UXWMKhLOwVKb728IUtQPXxfYU+usdybtUrK/8uGE8CQMvrhOpwvzDBwj0QhSL7MQc7vIsISBG8VQ8+IDQxpfQA=="],

    "strip-json-comments": ["strip-json-comments@3.1.1", "", {}, "sha512-6fPc+R4ihwqP6N/aIv2f1gMH8lOVtWQHoqC4yK6oSDVVocumAsfCqjkXnqiYMhmMwS/mEHLp7Vehlt3ql6lEig=="],

    "svelte": ["svelte@5.38.2", "", { "dependencies": { "@jridgewell/remapping": "^2.3.4", "@jridgewell/sourcemap-codec": "^1.5.0", "@sveltejs/acorn-typescript": "^1.0.5", "@types/estree": "^1.0.5", "acorn": "^8.12.1", "aria-query": "^5.3.1", "axobject-query": "^4.1.0", "clsx": "^2.1.1", "esm-env": "^1.2.1", "esrap": "^2.1.0", "is-reference": "^3.0.3", "locate-character": "^3.0.0", "magic-string": "^0.30.11", "zimmerframe": "^1.1.2" } }, "sha512-iAcp/oFAWauVSGILdD67n7DiwgLHXZzWZIdzl7araRxu72jUr7PFAo2Iie7gXt0IbnlYvhxCb9GT3ZJUquO3PA=="],

    "svelte-adapter-bun": ["svelte-adapter-bun@0.5.2", "", { "dependencies": { "tiny-glob": "^0.2.9" } }, "sha512-xEtFgaal6UgrCwwkSIcapO9kopoFNUYCYqyKCikdqxX9bz2TDYnrWQZ7qBnkunMxi1HOIERUCvTcebYGiarZLA=="],

    "svelte-check": ["svelte-check@4.3.1", "", { "dependencies": { "@jridgewell/trace-mapping": "^0.3.25", "chokidar": "^4.0.1", "fdir": "^6.2.0", "picocolors": "^1.0.0", "sade": "^1.7.4" }, "peerDependencies": { "svelte": "^4.0.0 || ^5.0.0-next.0", "typescript": ">=5.0.0" }, "bin": { "svelte-check": "bin/svelte-check" } }, "sha512-lkh8gff5gpHLjxIV+IaApMxQhTGnir2pNUAqcNgeKkvK5bT/30Ey/nzBxNLDlkztCH4dP7PixkMt9SWEKFPBWg=="],

    "svelte-preprocess": ["svelte-preprocess@6.0.3", "", { "peerDependencies": { "@babel/core": "^7.10.2", "coffeescript": "^2.5.1", "less": "^3.11.3 || ^4.0.0", "postcss": "^7 || ^8", "postcss-load-config": ">=3", "pug": "^3.0.0", "sass": "^1.26.8", "stylus": ">=0.55", "sugarss": "^2.0.0 || ^3.0.0 || ^4.0.0", "svelte": "^4.0.0 || ^5.0.0-next.100 || ^5.0.0", "typescript": "^5.0.0" }, "optionalPeers": ["@babel/core", "coffeescript", "less", "postcss", "postcss-load-config", "pug", "sass", "stylus", "sugarss", "typescript"] }, "sha512-PLG2k05qHdhmRG7zR/dyo5qKvakhm8IJ+hD2eFRQmMLHp7X3eJnjeupUtvuRpbNiF31RjVw45W+abDwHEmP5OA=="],

    "tailwindcss": ["tailwindcss@4.1.12", "", {}, "sha512-DzFtxOi+7NsFf7DBtI3BJsynR+0Yp6etH+nRPTbpWnS2pZBaSksv/JGctNwSWzbFjp0vxSqknaUylseZqMDGrA=="],

    "tiny-glob": ["tiny-glob@0.2.9", "", { "dependencies": { "globalyzer": "0.1.0", "globrex": "^0.1.2" } }, "sha512-g/55ssRPUjShh+xkfx9UPDXqhckHEsHr4Vd9zX55oSdGZc/MD0m3sferOkwWtp98bv+kcVfEHtRJgBVJzelrzg=="],

    "tinyglobby": ["tinyglobby@0.2.14", "", { "dependencies": { "fdir": "^6.4.4", "picomatch": "^4.0.2" } }, "sha512-tX5e7OM1HnYr2+a2C/4V0htOcSQcoSTH9KgJnVvNm5zm/cyEWKJ7j7YutsH9CxMdtOkkLFy2AHrMci9IM8IPZQ=="],

    "to-regex-range": ["to-regex-range@5.0.1", "", { "dependencies": { "is-number": "^7.0.0" } }, "sha512-65P7iz6X5yEr1cwcgvQxbbIw7Uk3gOy5dIdtZ4rDveLqhrdJP+Li/Hx6tyK0NEb+2GCyneCMJiGqrADCSNk8sQ=="],

    "totalist": ["totalist@3.0.1", "", {}, "sha512-sf4i37nQ2LBx4m3wB74y+ubopq6W/dIzXg0FDGjsYnZHVa1Da8FH853wlL2gtUhg+xJXjfk3kUZS3BRoQeoQBQ=="],

    "typescript": ["typescript@5.9.2", "", { "bin": { "tsc": "bin/tsc", "tsserver": "bin/tsserver" } }, "sha512-CWBzXQrc/qOkhidw1OzBTQuYRbfyxDXJMVJ1XNwUHGROVmuaeiEm3OslpZ1RV96d7SKKjZKrSJu3+t/xlw3R9A=="],

    "typescript-nullable": ["typescript-nullable@0.6.0", "", { "dependencies": { "ramda": "^0.25.0" } }, "sha512-j8I67iSwFWvWzYe/ilCqtVgspcXUGQq6yMegO4D0VkHovlXwLAvUz6kOSZLLrXPJSsD/vN8I3QNx2en/S9ZYGQ=="],

    "uc.micro": ["uc.micro@2.1.0", "", {}, "sha512-ARDJmphmdvUk6Glw7y9DQ2bFkKBHwQHLi2lsaH6PPmz/Ka9sFOBsBluozhDltWmnv9u/cF6Rt87znRTPV+yp/A=="],

    "underscore": ["underscore@1.13.7", "", {}, "sha512-GMXzWtsc57XAtguZgaQViUOzs0KTkk8ojr3/xAxXLITqf/3EMwxC0inyETfDFjH/Krbhuep0HNbbjI9i/q3F3g=="],

    "undici-types": ["undici-types@7.10.0", "", {}, "sha512-t5Fy/nfn+14LuOc2KNYg75vZqClpAiqscVvMygNnlsHBFpSXdJaYtXMcdNLpl/Qvc3P2cB3s6lOV51nqsFq4ag=="],

    "update-browserslist-db": ["update-browserslist-db@1.1.3", "", { "dependencies": { "escalade": "^3.2.0", "picocolors": "^1.1.1" }, "peerDependencies": { "browserslist": ">= 4.21.0" }, "bin": { "update-browserslist-db": "cli.js" } }, "sha512-UxhIZQ+QInVdunkDAaiazvvT/+fXL5Osr0JZlJulepYu6Jd7qJtDZjlur0emRlT71EN3ScPoE7gvsuIKKNavKw=="],

    "vite": ["vite@6.3.5", "", { "dependencies": { "esbuild": "^0.25.0", "fdir": "^6.4.4", "picomatch": "^4.0.2", "postcss": "^8.5.3", "rollup": "^4.34.9", "tinyglobby": "^0.2.13" }, "optionalDependencies": { "fsevents": "~2.3.3" }, "peerDependencies": { "@types/node": "^18.0.0 || ^20.0.0 || >=22.0.0", "jiti": ">=1.21.0", "less": "*", "lightningcss": "^1.21.0", "sass": "*", "sass-embedded": "*", "stylus": "*", "sugarss": "*", "terser": "^5.16.0", "tsx": "^4.8.1", "yaml": "^2.4.2" }, "optionalPeers": ["@types/node", "jiti", "less", "lightningcss", "sass", "sass-embedded", "stylus", "sugarss", "terser", "tsx", "yaml"], "bin": { "vite": "bin/vite.js" } }, "sha512-cZn6NDFE7wdTpINgs++ZJ4N49W2vRp8LCKrn3Ob1kYNtOo21vfDoaV5GzBfLU4MovSAB8uNRm4jgzVQZ+mBzPQ=="],

    "vitefu": ["vitefu@1.1.1", "", { "peerDependencies": { "vite": "^3.0.0 || ^4.0.0 || ^5.0.0 || ^6.0.0 || ^7.0.0-beta.0" }, "optionalPeers": ["vite"] }, "sha512-B/Fegf3i8zh0yFbpzZ21amWzHmuNlLlmJT6n7bu5e+pCHUKQIfXSYokrqOBGEMMe9UG2sostKQF9mml/vYaWJQ=="],

    "xmlcreate": ["xmlcreate@2.0.4", "", {}, "sha512-nquOebG4sngPmGPICTS5EnxqhKbCmz5Ox5hsszI2T6U5qdrJizBc+0ilYSEjTSzU0yZcmvppztXe/5Al5fUwdg=="],

    "zimmerframe": ["zimmerframe@1.1.2", "", {}, "sha512-rAbqEGa8ovJy4pyBxZM70hg4pE6gDgaQ0Sl9M3enG3I0d6H4XSAM3GeNGLKnsBpuijUow064sf7ww1nutC5/3w=="],

    "lightningcss/detect-libc": ["detect-libc@2.0.4", "", {}, "sha512-3UDv+G9CsCKO1WKMGw9fwq/SWJYbI0c5Y7LU1AXYoDdbhE2AHQ6N6Nb34sG8Fj7T5APy8qXDCKuuIHd1BR0tVA=="],

    "micromatch/picomatch": ["picomatch@2.3.1", "", {}, "sha512-JU3teHTNjmE2VCGFzuY8EXzCDVwEqB2a8fsIvwaStHhAWJEeVd1o1QD80CU6+ZdEXXSLbSsuLwJjkCBWqRQUVA=="],
  }
}
